<?xml version="1.0" encoding="utf-8"?>
<Project ToolsVersion="4.0" xmlns="http://schemas.microsoft.com/developer/msbuild/2003">
  <ItemGroup>
    <Filter Include="Source Files">
      <UniqueIdentifier>{4FC737F1-C7A5-4376-A066-2A32D752A2FF}</UniqueIdentifier>
      <Extensions>cpp;c;cc;cxx;c++;cppm;ixx;def;odl;idl;hpj;bat;asm;asmx</Extensions>
    </Filter>
    <Filter Include="Header Files">
      <UniqueIdentifier>{93995380-89BD-4b04-88EB-625FBE52EBFB}</UniqueIdentifier>
      <Extensions>h;hh;hpp;hxx;h++;hm;inl;inc;ipp;xsd</Extensions>
    </Filter>
    <Filter Include="Shader Programs">
      <UniqueIdentifier>{67DA6AB6-F800-4c08-8B7A-83BB121AAD01}</UniqueIdentifier>
      <Extensions>rc;ico;cur;bmp;dlg;rc2;rct;bin;rgs;gif;jpg;jpeg;jpe;resx;tiff;tif;png;wav;mfcribbon-ms</Extensions>
    </Filter>
    <Filter Include="Shader Programs\Compile Scripts">
      <UniqueIdentifier>{3cdfd5e8-c28c-4c25-9e89-53767afb9854}</UniqueIdentifier>
    </Filter>
    <Filter Include="Shader Programs\Compute Render">
      <UniqueIdentifier>{b46bef74-eb81-4dca-b264-6239aa485556}</UniqueIdentifier>
    </Filter>
    <Filter Include="Shader Programs\Material Shaders">
      <UniqueIdentifier>{47bb6430-e373-484d-8620-66b57912ff35}</UniqueIdentifier>
    </Filter>
    <Filter Include="Source Files\Phase Functions">
      <UniqueIdentifier>{d40ad230-131d-401b-a5b7-3db1c0c0a93b}</UniqueIdentifier>
    </Filter>
    <Filter Include="Shader Programs\Compute Render\Precompute">
      <UniqueIdentifier>{45dbcda8-1b37-46c9-aa17-da6f91ddc01a}</UniqueIdentifier>
    </Filter>
    <Filter Include="Header Files\Vertex Types">
      <UniqueIdentifier>{f54f71dc-9166-4cee-8fdb-6c0c1fbf9aa7}</UniqueIdentifier>
    </Filter>
    <Filter Include="Copy To Output">
      <UniqueIdentifier>{e5a0473d-b627-483d-965f-1c3760a82f65}</UniqueIdentifier>
    </Filter>
  </ItemGroup>
  <ItemGroup>
    <ClCompile Include="main.cpp">
      <Filter>Source Files</Filter>
    </ClCompile>
    <ClCompile Include="ScreenSpaceQuad.cpp">
      <Filter>Source Files</Filter>
    </ClCompile>
    <ClCompile Include="FirstPersonController.cpp">
      <Filter>Source Files</Filter>
    </ClCompile>
    <ClCompile Include="MouseCamera.cpp">
      <Filter>Source Files</Filter>
    </ClCompile>
    <ClCompile Include="ColorMapping.cpp">
      <Filter>Source Files</Filter>
    </ClCompile>
    <ClCompile Include="LUTS\CloudsBlue.cpp">
      <Filter>Source Files\Phase Functions</Filter>
    </ClCompile>
    <ClCompile Include="LUTS\CloudsGreen.cpp">
      <Filter>Source Files\Phase Functions</Filter>
    </ClCompile>
    <ClCompile Include="LUTS\CloudsRed.cpp">
      <Filter>Source Files\Phase Functions</Filter>
    </ClCompile>
  </ItemGroup>
  <ItemGroup>
    <None Include="ShadersSource\Buffers.glsl">
      <Filter>Shader Programs</Filter>
    </None>
    <None Include="ShadersSource\Debug.glsl">
      <Filter>Shader Programs</Filter>
    </None>
    <None Include="ShadersSource\Hit.glsl">
      <Filter>Shader Programs</Filter>
    </None>
    <None Include="ShadersSource\Intersections.glsl">
      <Filter>Shader Programs</Filter>
    </None>
    <None Include="ShadersSource\Lighting.glsl">
      <Filter>Shader Programs</Filter>
    </None>
    <None Include="ShadersSource\Math.glsl">
      <Filter>Shader Programs</Filter>
    </None>
    <None Include="ShadersSource\Random.glsl">
      <Filter>Shader Programs</Filter>
    </None>
    <None Include="ShadersSource\raytracer.glsl">
      <Filter>Shader Programs</Filter>
    </None>
    <None Include="ShadersSource\SceneObjects.glsl">
      <Filter>Shader Programs</Filter>
    </None>
    <None Include="ShadersSource\Structures.glsl">
      <Filter>Shader Programs</Filter>
    </None>
    <None Include="ShadersSource\varying.def.sc">
      <Filter>Shader Programs</Filter>
    </None>
    <None Include="ShadersSource\Clouds.glsl">
      <Filter>Shader Programs\Material Shaders</Filter>
    </None>
    <None Include="ShadersSource\Planet.glsl">
      <Filter>Shader Programs\Material Shaders</Filter>
    </None>
    <None Include="ShadersSource\Terrain.glsl">
      <Filter>Shader Programs\Material Shaders</Filter>
    </None>
    <None Include="ShadersSource\ComputeRender\compute_render.comp">
      <Filter>Shader Programs\Compute Render</Filter>
    </None>
    <None Include="ShadersSource\ComputeRender\rt_display.frag">
      <Filter>Shader Programs\Compute Render</Filter>
    </None>
    <None Include="ShadersSource\ComputeRender\rt_display.vert">
      <Filter>Shader Programs\Compute Render</Filter>
    </None>
    <None Include="ShadersSource\ComputeRender\varying.def.sc">
      <Filter>Shader Programs\Compute Render</Filter>
    </None>
    <None Include="ShadersSource\ComputeRender\Precompute\DirectIrradiance.comp">
      <Filter>Shader Programs\Compute Render\Precompute</Filter>
    </None>
    <None Include="ShadersSource\ComputeRender\Precompute\Heightmap.comp">
      <Filter>Shader Programs\Compute Render\Precompute</Filter>
    </None>
    <None Include="ShadersSource\ComputeRender\Precompute\IndirectIrradiance.comp">
      <Filter>Shader Programs\Compute Render\Precompute</Filter>
    </None>
    <None Include="ShadersSource\ComputeRender\Precompute\OpticalDepth.comp">
      <Filter>Shader Programs\Compute Render\Precompute</Filter>
    </None>
    <None Include="ShadersSource\ComputeRender\Precompute\PrecomputeSettings.glsl">
      <Filter>Shader Programs\Compute Render\Precompute</Filter>
    </None>
    <None Include="ShadersSource\ComputeRender\Precompute\SingleScattering.comp">
      <Filter>Shader Programs\Compute Render\Precompute</Filter>
    </None>
    <None Include="ShadersSource\ComputeRender\Precompute\Transmittance.comp">
      <Filter>Shader Programs\Compute Render\Precompute</Filter>
    </None>
    <None Include="compileScripts\shaderc32debug.ps1">
      <Filter>Shader Programs\Compile Scripts</Filter>
    </None>
    <None Include="compileScripts\shaderc32release.ps1">
      <Filter>Shader Programs\Compile Scripts</Filter>
    </None>
    <None Include="compileScripts\shaderc64debug.ps1">
      <Filter>Shader Programs\Compile Scripts</Filter>
    </None>
    <None Include="compileScripts\shaderc64release.ps1">
      <Filter>Shader Programs\Compile Scripts</Filter>
    </None>
    <None Include="ShadersSource\Common.glsl">
      <Filter>Shader Programs</Filter>
    </None>
    <None Include="ShadersSource\ComputeRender\post_process.comp">
      <Filter>Shader Programs\Compute Render</Filter>
    </None>
    <None Include="ShadersSource\PostProcess.glsl">
      <Filter>Shader Programs</Filter>
    </None>
  </ItemGroup>
  <ItemGroup>
    <ClInclude Include="PosVertex.h">
      <Filter>Header Files\Vertex Types</Filter>
    </ClInclude>
    <ClInclude Include="PosTexCoordVertex.h">
      <Filter>Header Files\Vertex Types</Filter>
    </ClInclude>
    <ClInclude Include="ScreenSpaceQuad.h">
      <Filter>Header Files</Filter>
    </ClInclude>
    <ClInclude Include="SceneObjects.h">
      <Filter>Header Files</Filter>
    </ClInclude>
    <ClInclude Include="GLSLTypeCompatibility.h">
      <Filter>Header Files</Filter>
    </ClInclude>
    <ClInclude Include="gl_utils.h">
      <Filter>Header Files</Filter>
    </ClInclude>
    <ClInclude Include="FirstPersonController.h">
      <Filter>Header Files</Filter>
    </ClInclude>
    <ClInclude Include="MouseCamera.h">
      <Filter>Header Files</Filter>
    </ClInclude>
    <ClInclude Include="Tonemapping.h">
      <Filter>Header Files</Filter>
    </ClInclude>
    <ClInclude Include="ColorMapping.h">
      <Filter>Header Files</Filter>
    </ClInclude>
    <ClInclude Include="DefaultScene.h">
      <Filter>Header Files</Filter>
    </ClInclude>
    <ClInclude Include="LUTs\PhaseFunctions.h">
      <Filter>Header Files</Filter>
    </ClInclude>
  </ItemGroup>
  <ItemGroup>
    <CopyFileToFolders Include="SDL2\lib\x64\SDL2.dll">
      <Filter>Copy To Output</Filter>
    </CopyFileToFolders>
    <CopyFileToFolders Include="SDL2\lib\x86\SDL2.dll">
      <Filter>Copy To Output</Filter>
    </CopyFileToFolders>
  </ItemGroup>
</Project>