<?xml version="1.0" encoding="utf-8"?>
<Project ToolsVersion="4.0" xmlns="http://schemas.microsoft.com/developer/msbuild/2003">
  <ItemGroup>
    <Filter Include="Source Files">
      <UniqueIdentifier>{4FC737F1-C7A5-4376-A066-2A32D752A2FF}</UniqueIdentifier>
      <Extensions>cpp;c;cc;cxx;c++;cppm;ixx;def;odl;idl;hpj;bat;asm;asmx</Extensions>
    </Filter>
    <Filter Include="Header Files">
      <UniqueIdentifier>{93995380-89BD-4b04-88EB-625FBE52EBFB}</UniqueIdentifier>
      <Extensions>h;hh;hpp;hxx;h++;hm;inl;inc;ipp;xsd</Extensions>
    </Filter>
    <Filter Include="Shader Programs">
      <UniqueIdentifier>{67DA6AB6-F800-4c08-8B7A-83BB121AAD01}</UniqueIdentifier>
      <Extensions>rc;ico;cur;bmp;dlg;rc2;rct;bin;rgs;gif;jpg;jpeg;jpe;resx;tiff;tif;png;wav;mfcribbon-ms</Extensions>
    </Filter>
    <Filter Include="Shader Programs\Compile Scripts">
      <UniqueIdentifier>{3cdfd5e8-c28c-4c25-9e89-53767afb9854}</UniqueIdentifier>
    </Filter>
    <Filter Include="Shader Programs\Compute Render">
      <UniqueIdentifier>{b46bef74-eb81-4dca-b264-6239aa485556}</UniqueIdentifier>
    </Filter>
    <Filter Include="Shader Programs\Vertex Types">
      <UniqueIdentifier>{f54f71dc-9166-4cee-8fdb-6c0c1fbf9aa7}</UniqueIdentifier>
    </Filter>
    <Filter Include="Shader Programs\Material Shaders">
      <UniqueIdentifier>{47bb6430-e373-484d-8620-66b57912ff35}</UniqueIdentifier>
    </Filter>
  </ItemGroup>
  <ItemGroup>
    <ClCompile Include="main.cpp">
      <Filter>Source Files</Filter>
    </ClCompile>
    <ClCompile Include="TestCube.cpp">
      <Filter>Source Files</Filter>
    </ClCompile>
    <ClCompile Include="ScreenSpaceQuad.cpp">
      <Filter>Source Files</Filter>
    </ClCompile>
    <ClCompile Include="FirstPersonController.cpp">
      <Filter>Source Files</Filter>
    </ClCompile>
    <ClCompile Include="MouseCamera.cpp">
      <Filter>Source Files</Filter>
    </ClCompile>
  </ItemGroup>
  <ItemGroup>
    <None Include="normal_render.vert">
      <Filter>Shader Programs</Filter>
    </None>
    <None Include="shaders\scripts\shaderc32debug.ps1">
      <Filter>Shader Programs\Compile Scripts</Filter>
    </None>
    <None Include="shaders\scripts\shaderc32release.ps1">
      <Filter>Shader Programs\Compile Scripts</Filter>
    </None>
    <None Include="shaders\scripts\shaderc64debug.ps1">
      <Filter>Shader Programs\Compile Scripts</Filter>
    </None>
    <None Include="shaders\scripts\shaderc64release.ps1">
      <Filter>Shader Programs\Compile Scripts</Filter>
    </None>
    <None Include="normal_render.frag">
      <Filter>Shader Programs</Filter>
    </None>
    <None Include="ComputeRender\compute_render.comp">
      <Filter>Shader Programs\Compute Render</Filter>
    </None>
    <None Include="ComputeRender\rt_display.frag">
      <Filter>Shader Programs\Compute Render</Filter>
    </None>
    <None Include="ComputeRender\varying.def.sc">
      <Filter>Shader Programs\Compute Render</Filter>
    </None>
    <None Include="raytracer.glsl">
      <Filter>Shader Programs</Filter>
    </None>
    <None Include="varying.def.sc">
      <Filter>Shader Programs</Filter>
    </None>
    <None Include="ComputeRender\rt_display.vert">
      <Filter>Shader Programs\Compute Render</Filter>
    </None>
    <None Include="SceneObjects.glsl">
      <Filter>Shader Programs</Filter>
    </None>
    <None Include="Intersections.glsl">
      <Filter>Shader Programs</Filter>
    </None>
    <None Include="Random.glsl">
      <Filter>Shader Programs</Filter>
    </None>
    <None Include="Buffers.glsl">
      <Filter>Shader Programs</Filter>
    </None>
    <None Include="Planet.glsl">
      <Filter>Shader Programs\Material Shaders</Filter>
    </None>
    <None Include="Heightmap.comp">
      <Filter>Shader Programs</Filter>
    </None>
    <None Include="Terrain.glsl">
      <Filter>Shader Programs\Material Shaders</Filter>
    </None>
    <None Include="Lighting.glsl">
      <Filter>Shader Programs</Filter>
    </None>
    <None Include="Debug.glsl">
      <Filter>Shader Programs</Filter>
    </None>
    <None Include="Precompute.comp">
      <Filter>Shader Programs\Compute Render</Filter>
    </None>
    <None Include="Hit.glsl">
      <Filter>Shader Programs</Filter>
    </None>
    <None Include="Lambert.glsl">
      <Filter>Shader Programs\Material Shaders</Filter>
    </None>
    <None Include="Math.glsl">
      <Filter>Shader Programs</Filter>
    </None>
    <None Include="Sampling.glsl">
      <Filter>Shader Programs\Material Shaders</Filter>
    </None>
  </ItemGroup>
  <ItemGroup>
    <ClInclude Include="TestCube.h">
      <Filter>Header Files</Filter>
    </ClInclude>
    <ClInclude Include="PosVertex.h">
      <Filter>Shader Programs\Vertex Types</Filter>
    </ClInclude>
    <ClInclude Include="PosColorVertex.h">
      <Filter>Shader Programs\Vertex Types</Filter>
    </ClInclude>
    <ClInclude Include="PosTexCoordVertex.h">
      <Filter>Shader Programs\Vertex Types</Filter>
    </ClInclude>
    <ClInclude Include="PosNormalTangentTexcoordVertex.h">
      <Filter>Shader Programs\Vertex Types</Filter>
    </ClInclude>
    <ClInclude Include="PosColorTexCoordVertex.h">
      <Filter>Shader Programs\Vertex Types</Filter>
    </ClInclude>
    <ClInclude Include="ScreenSpaceQuad.h">
      <Filter>Header Files</Filter>
    </ClInclude>
    <ClInclude Include="SceneObjects.h">
      <Filter>Header Files</Filter>
    </ClInclude>
    <ClInclude Include="GLSLTypeCompatibility.h">
      <Filter>Header Files</Filter>
    </ClInclude>
    <ClInclude Include="gl_utils.h">
      <Filter>Header Files</Filter>
    </ClInclude>
    <ClInclude Include="FirstPersonController.h">
      <Filter>Header Files</Filter>
    </ClInclude>
    <ClInclude Include="MouseCamera.h">
      <Filter>Header Files</Filter>
    </ClInclude>
  </ItemGroup>
</Project>